
Microsoft Visual Studio Solution File, Format Version 12.00
# Visual Studio Version 16
VisualStudioVersion = 16.0.33927.289
MinimumVisualStudioVersion = 10.0.40219.1
Project("{8BC9CEB8-8B4A-11D0-8D11-00A0C91BC942}") = "SE_LAB", "SE_LAB\SE_LAB.vcxproj", "{7F654C65-9B83-4E38-BF15-7A25ED3EA33D}"
EndProject
Project("{8BC9CEB8-8B4A-11D0-8D11-00A0C91BC942}") = "dop1", "dop1\dop1.vcxproj", "{BDE6D9EF-BC6E-4E2C-997A-B9B4941B8688}"
EndProject
Global
	GlobalSection(SolutionConfigurationPlatforms) = preSolution
		Debug|x64 = Debug|x64
		Debug|x86 = Debug|x86
		Release|x64 = Release|x64
		Release|x86 = Release|x86
	EndGlobalSection
	GlobalSection(ProjectConfigurationPlatforms) = postSolution
		{7F654C65-9B83-4E38-BF15-7A25ED3EA33D}.Debug|x64.ActiveCfg = Debug|x64
		{7F654C65-9B83-4E38-BF15-7A25ED3EA33D}.Debug|x64.Build.0 = Debug|x64
		{7F654C65-9B83-4E38-BF15-7A25ED3EA33D}.Debug|x86.ActiveCfg = Debug|Win32
		{7F654C65-9B83-4E38-BF15-7A25ED3EA33D}.Debug|x86.Build.0 = Debug|Win32
		{7F654C65-9B83-4E38-BF15-7A25ED3EA33D}.Release|x64.ActiveCfg = Release|x64
		{7F654C65-9B83-4E38-BF15-7A25ED3EA33D}.Release|x64.Build.0 = Release|x64
		{7F654C65-9B83-4E38-BF15-7A25ED3EA33D}.Release|x86.ActiveCfg = Release|Win32
		{7F654C65-9B83-4E38-BF15-7A25ED3EA33D}.Release|x86.Build.0 = Release|Win32
		{BDE6D9EF-BC6E-4E2C-997A-B9B4941B8688}.Debug|x64.ActiveCfg = Debug|x64
		{BDE6D9EF-BC6E-4E2C-997A-B9B4941B8688}.Debug|x64.Build.0 = Debug|x64
		{BDE6D9EF-BC6E-4E2C-997A-B9B4941B8688}.Debug|x86.ActiveCfg = Debug|Win32
		{BDE6D9EF-BC6E-4E2C-997A-B9B4941B8688}.Debug|x86.Build.0 = Debug|Win32
		{BDE6D9EF-BC6E-4E2C-997A-B9B4941B8688}.Release|x64.ActiveCfg = Release|x64
		{BDE6D9EF-BC6E-4E2C-997A-B9B4941B8688}.Release|x64.Build.0 = Release|x64
		{BDE6D9EF-BC6E-4E2C-997A-B9B4941B8688}.Release|x86.ActiveCfg = Release|Win32
		{BDE6D9EF-BC6E-4E2C-997A-B9B4941B8688}.Release|x86.Build.0 = Release|Win32
	EndGlobalSection
	GlobalSection(SolutionProperties) = preSolution
		HideSolutionNode = FALSE
	EndGlobalSection
	GlobalSection(ExtensibilityGlobals) = postSolution
		SolutionGuid = {92AF8292-0456-4304-A9AA-F341DEA2BEB5}
	EndGlobalSection
EndGlobal
